// !$*UTF8*$!
{
	archiveVersion = 1;
	classes = {
	};
	objectVersion = 50;
	objects = {

/* Begin PBXBuildFile section */
		1508FD302263E53D00043D45 /* PeopleCVCell.swift in Sources */ = {isa = PBXBuildFile; fileRef = 1508FD2E2263E53C00043D45 /* PeopleCVCell.swift */; };
		1508FD312263E53D00043D45 /* PeopleCVCell.xib in Resources */ = {isa = PBXBuildFile; fileRef = 1508FD2F2263E53D00043D45 /* PeopleCVCell.xib */; };
		1508FD332263EE4000043D45 /* PeopleInfo.swift in Sources */ = {isa = PBXBuildFile; fileRef = 1508FD322263EE4000043D45 /* PeopleInfo.swift */; };
		151D6990224FC9A80087D26E /* ViewController.swift in Sources */ = {isa = PBXBuildFile; fileRef = 151D698F224FC9A80087D26E /* ViewController.swift */; };
		151D6992224FCA4E0087D26E /* GameViewController.swift in Sources */ = {isa = PBXBuildFile; fileRef = 151D6991224FCA4E0087D26E /* GameViewController.swift */; };
		151D6994224FCCD10087D26E /* CallCenter.swift in Sources */ = {isa = PBXBuildFile; fileRef = 151D6993224FCCD10087D26E /* CallCenter.swift */; };
		153D7C2D225DFD6600DC6AFD /* TestStarCVCell.swift in Sources */ = {isa = PBXBuildFile; fileRef = 153D7C2B225DFD6600DC6AFD /* TestStarCVCell.swift */; };
		153D7C2E225DFD6600DC6AFD /* TestStarCVCell.xib in Resources */ = {isa = PBXBuildFile; fileRef = 153D7C2C225DFD6600DC6AFD /* TestStarCVCell.xib */; };
		153D7C302260DFB700DC6AFD /* LessonViewController.swift in Sources */ = {isa = PBXBuildFile; fileRef = 153D7C2F2260DFB700DC6AFD /* LessonViewController.swift */; };
		153D7C32226165FD00DC6AFD /* LessonTableViewCell.swift in Sources */ = {isa = PBXBuildFile; fileRef = 153D7C31226165FD00DC6AFD /* LessonTableViewCell.swift */; };
		154CDE982253743C001DB159 /* NewMainViewController.swift in Sources */ = {isa = PBXBuildFile; fileRef = 154CDE972253743C001DB159 /* NewMainViewController.swift */; };
		15504AB8224D00AB000BD2DC /* MenuCollectionViewCell.swift in Sources */ = {isa = PBXBuildFile; fileRef = 15504AB6224D00AB000BD2DC /* MenuCollectionViewCell.swift */; };
		15504AB9224D00AB000BD2DC /* MenuCollectionViewCell.xib in Resources */ = {isa = PBXBuildFile; fileRef = 15504AB7224D00AB000BD2DC /* MenuCollectionViewCell.xib */; };
		15504ABB224D4D87000BD2DC /* Constraint.swift in Sources */ = {isa = PBXBuildFile; fileRef = 15504ABA224D4D87000BD2DC /* Constraint.swift */; };
		156AB9B022628010000D16BC /* AudioPlayer.swift in Sources */ = {isa = PBXBuildFile; fileRef = 156AB9AF22628010000D16BC /* AudioPlayer.swift */; };
		156AB9B22262913A000D16BC /* AVFoundation.framework in Frameworks */ = {isa = PBXBuildFile; fileRef = 156AB9B12262913A000D16BC /* AVFoundation.framework */; };
		15934D932248256600377349 /* SukhumvitSet.ttc in Resources */ = {isa = PBXBuildFile; fileRef = 15934D912248256600377349 /* SukhumvitSet.ttc */; };
		15934D942248256600377349 /* UPCarouselFlowLayout.swift in Sources */ = {isa = PBXBuildFile; fileRef = 15934D922248256600377349 /* UPCarouselFlowLayout.swift */; };
		15934D9622482A0600377349 /* UILabel.swift in Sources */ = {isa = PBXBuildFile; fileRef = 15934D9522482A0600377349 /* UILabel.swift */; };
		1593A3DD225BEDD70023CD6D /* LessonInfo.swift in Sources */ = {isa = PBXBuildFile; fileRef = 1593A3DC225BEDD70023CD6D /* LessonInfo.swift */; };
		1593A3DF225C12310023CD6D /* Colors.swift in Sources */ = {isa = PBXBuildFile; fileRef = 1593A3DE225C12310023CD6D /* Colors.swift */; };
		1593A3E2225CF0810023CD6D /* Score.swift in Sources */ = {isa = PBXBuildFile; fileRef = 1593A3E1225CF0810023CD6D /* Score.swift */; };
		1593A3E4225CF43E0023CD6D /* History.swift in Sources */ = {isa = PBXBuildFile; fileRef = 1593A3E3225CF43E0023CD6D /* History.swift */; };
		1593A3E6225D137B0023CD6D /* WordInfo.swift in Sources */ = {isa = PBXBuildFile; fileRef = 1593A3E5225D137B0023CD6D /* WordInfo.swift */; };
		1593A3E9225D1CD20023CD6D /* TestCVCell.swift in Sources */ = {isa = PBXBuildFile; fileRef = 1593A3E7225D1CD20023CD6D /* TestCVCell.swift */; };
		1593A3EA225D1CD20023CD6D /* TestCVCell.xib in Resources */ = {isa = PBXBuildFile; fileRef = 1593A3E8225D1CD20023CD6D /* TestCVCell.xib */; };
		1593A3EC225D1E6C0023CD6D /* TestInfo.swift in Sources */ = {isa = PBXBuildFile; fileRef = 1593A3EB225D1E6C0023CD6D /* TestInfo.swift */; };
		1593A3EE225D3AEB0023CD6D /* TestCheck.swift in Sources */ = {isa = PBXBuildFile; fileRef = 1593A3ED225D3AEB0023CD6D /* TestCheck.swift */; };
		159B7628225A3ADB00A88872 /* LangCoreData.swift in Sources */ = {isa = PBXBuildFile; fileRef = 159B7627225A3ADB00A88872 /* LangCoreData.swift */; };
		159B762B225A7C0700A88872 /* LoginViewController.swift in Sources */ = {isa = PBXBuildFile; fileRef = 159B762A225A7C0700A88872 /* LoginViewController.swift */; };
		15BB7FA52247F84000221775 /* AppDelegate.swift in Sources */ = {isa = PBXBuildFile; fileRef = 15BB7FA42247F84000221775 /* AppDelegate.swift */; };
		15BB7FAA2247F84000221775 /* Main.storyboard in Resources */ = {isa = PBXBuildFile; fileRef = 15BB7FA82247F84000221775 /* Main.storyboard */; };
		15BB7FAD2247F84000221775 /* Dek2Pasaa.xcdatamodeld in Sources */ = {isa = PBXBuildFile; fileRef = 15BB7FAB2247F84000221775 /* Dek2Pasaa.xcdatamodeld */; };
		15BB7FAF2247F84100221775 /* Assets.xcassets in Resources */ = {isa = PBXBuildFile; fileRef = 15BB7FAE2247F84100221775 /* Assets.xcassets */; };
		15BB7FB22247F84100221775 /* LaunchScreen.storyboard in Resources */ = {isa = PBXBuildFile; fileRef = 15BB7FB02247F84100221775 /* LaunchScreen.storyboard */; };
		15BB7FBD2247F84100221775 /* Dek2PasaaTests.swift in Sources */ = {isa = PBXBuildFile; fileRef = 15BB7FBC2247F84100221775 /* Dek2PasaaTests.swift */; };
		15BB7FC82247F84100221775 /* Dek2PasaaUITests.swift in Sources */ = {isa = PBXBuildFile; fileRef = 15BB7FC72247F84100221775 /* Dek2PasaaUITests.swift */; };
		15BB7FE22247FE7800221775 /* MainViewController.swift in Sources */ = {isa = PBXBuildFile; fileRef = 15BB7FE12247FE7800221775 /* MainViewController.swift */; };
		15BB7FE42248004900221775 /* GoogleService-Info.plist in Resources */ = {isa = PBXBuildFile; fileRef = 15BB7FE32248004900221775 /* GoogleService-Info.plist */; };
		15BB7FE7224801BC00221775 /* PrimaryColor.swift in Sources */ = {isa = PBXBuildFile; fileRef = 15BB7FE6224801BC00221775 /* PrimaryColor.swift */; };
		15BB7FE92248048100221775 /* Color.swift in Sources */ = {isa = PBXBuildFile; fileRef = 15BB7FE82248048100221775 /* Color.swift */; };
		15BB7FEC2248058700221775 /* UIColor.swift in Sources */ = {isa = PBXBuildFile; fileRef = 15BB7FEB2248058700221775 /* UIColor.swift */; };
		15BB7FEE22480A1C00221775 /* UIView.swift in Sources */ = {isa = PBXBuildFile; fileRef = 15BB7FED22480A1C00221775 /* UIView.swift */; };
		15BB7FF022480A4800221775 /* UIDevice.swift in Sources */ = {isa = PBXBuildFile; fileRef = 15BB7FEF22480A4800221775 /* UIDevice.swift */; };
		15BB7FF822480AE200221775 /* UIScrollView.swift in Sources */ = {isa = PBXBuildFile; fileRef = 15BB7FF722480AE200221775 /* UIScrollView.swift */; };
		15BB7FFA22480AF500221775 /* UIImageView.swift in Sources */ = {isa = PBXBuildFile; fileRef = 15BB7FF922480AF500221775 /* UIImageView.swift */; };
		15BB7FFC22480B1B00221775 /* UINavigationController.swift in Sources */ = {isa = PBXBuildFile; fileRef = 15BB7FFB22480B1B00221775 /* UINavigationController.swift */; };
		15BB7FFE22480B3D00221775 /* StringProtocol.swift in Sources */ = {isa = PBXBuildFile; fileRef = 15BB7FFD22480B3D00221775 /* StringProtocol.swift */; };
		15BB800022480BC500221775 /* AppConfig.swift in Sources */ = {isa = PBXBuildFile; fileRef = 15BB7FFF22480BC500221775 /* AppConfig.swift */; };
		15BB800222480C5C00221775 /* UIButton.swift in Sources */ = {isa = PBXBuildFile; fileRef = 15BB800122480C5C00221775 /* UIButton.swift */; };
		15BB800422480E3F00221775 /* UIViewController.swift in Sources */ = {isa = PBXBuildFile; fileRef = 15BB800322480E3F00221775 /* UIViewController.swift */; };
		15C0742C2266901B00AFC1D1 /* AboutViewController.swift in Sources */ = {isa = PBXBuildFile; fileRef = 15C0742B2266901B00AFC1D1 /* AboutViewController.swift */; };
		15D9C0062266513D00812724 /* SettingViewController.swift in Sources */ = {isa = PBXBuildFile; fileRef = 15D9C0052266513D00812724 /* SettingViewController.swift */; };
		15D9C00822665E6400812724 /* SettingTableViewCell.swift in Sources */ = {isa = PBXBuildFile; fileRef = 15D9C00722665E6300812724 /* SettingTableViewCell.swift */; };
		15DFC19222AE10DE00D41D8A /* VideoTableViewCell.swift in Sources */ = {isa = PBXBuildFile; fileRef = 15DFC19122AE10DE00D41D8A /* VideoTableViewCell.swift */; };
		15E63AD0225BA63000B6AF33 /* GameCVCell.swift in Sources */ = {isa = PBXBuildFile; fileRef = 15E63ACE225BA63000B6AF33 /* GameCVCell.swift */; };
		15E63AD1225BA63000B6AF33 /* GameCVCell.xib in Resources */ = {isa = PBXBuildFile; fileRef = 15E63ACF225BA63000B6AF33 /* GameCVCell.xib */; };
		15E63AD4225BA64E00B6AF33 /* ChoiceCVCell.swift in Sources */ = {isa = PBXBuildFile; fileRef = 15E63AD2225BA64D00B6AF33 /* ChoiceCVCell.swift */; };
		15E63AD5225BA64E00B6AF33 /* ChoiceCVCell.xib in Resources */ = {isa = PBXBuildFile; fileRef = 15E63AD3225BA64E00B6AF33 /* ChoiceCVCell.xib */; };
		15FFD7AE2248B29C00DCCB30 /* MenuStruct.swift in Sources */ = {isa = PBXBuildFile; fileRef = 15FFD7AD2248B29C00DCCB30 /* MenuStruct.swift */; };
		15FFD7B12248B40800DCCB30 /* MenuString.swift in Sources */ = {isa = PBXBuildFile; fileRef = 15FFD7B02248B40800DCCB30 /* MenuString.swift */; };
		15FFD7B62248B4C500DCCB30 /* MenuCVCell.swift in Sources */ = {isa = PBXBuildFile; fileRef = 15FFD7B42248B4C500DCCB30 /* MenuCVCell.swift */; };
		15FFD7B72248B4C500DCCB30 /* MenuCVCell.xib in Resources */ = {isa = PBXBuildFile; fileRef = 15FFD7B52248B4C500DCCB30 /* MenuCVCell.xib */; };
		15FFD7BD2248D08C00DCCB30 /* TS-SOM TUM-np.ttf in Resources */ = {isa = PBXBuildFile; fileRef = 15FFD7BA2248D08C00DCCB30 /* TS-SOM TUM-np.ttf */; };
		15FFD7BE2248D08C00DCCB30 /* TS-Som tum -A-NP.ttf in Resources */ = {isa = PBXBuildFile; fileRef = 15FFD7BB2248D08C00DCCB30 /* TS-Som tum -A-NP.ttf */; };
		15FFD7BF2248D08C00DCCB30 /* TS-Som tum-B-NP.ttf in Resources */ = {isa = PBXBuildFile; fileRef = 15FFD7BC2248D08C00DCCB30 /* TS-Som tum-B-NP.ttf */; };
		3400E367B3B71BD5F23B303C /* Pods_Dek2PasaaUITests.framework in Frameworks */ = {isa = PBXBuildFile; fileRef = B58466A3977A162E09B87DB2 /* Pods_Dek2PasaaUITests.framework */; };
		6EC2B0EAA4A07CD07BD7D6FF /* Pods_Dek2Pasaa.framework in Frameworks */ = {isa = PBXBuildFile; fileRef = 46EFD267ADB3B36F0A8CE026 /* Pods_Dek2Pasaa.framework */; };
		7E8F152F01475CC3091799BE /* Pods_Dek2PasaaTests.framework in Frameworks */ = {isa = PBXBuildFile; fileRef = 6852145CDCAEE8F6E1445D70 /* Pods_Dek2PasaaTests.framework */; };
/* End PBXBuildFile section */

/* Begin PBXContainerItemProxy section */
		15BB7FB92247F84100221775 /* PBXContainerItemProxy */ = {
			isa = PBXContainerItemProxy;
			containerPortal = 15BB7F992247F84000221775 /* Project object */;
			proxyType = 1;
			remoteGlobalIDString = 15BB7FA02247F84000221775;
			remoteInfo = Dek2Pasaa;
		};
		15BB7FC42247F84100221775 /* PBXContainerItemProxy */ = {
			isa = PBXContainerItemProxy;
			containerPortal = 15BB7F992247F84000221775 /* Project object */;
			proxyType = 1;
			remoteGlobalIDString = 15BB7FA02247F84000221775;
			remoteInfo = Dek2Pasaa;
		};
/* End PBXContainerItemProxy section */

/* Begin PBXFileReference section */
		1508FD2E2263E53C00043D45 /* PeopleCVCell.swift */ = {isa = PBXFileReference; lastKnownFileType = sourcecode.swift; path = PeopleCVCell.swift; sourceTree = "<group>"; };
		1508FD2F2263E53D00043D45 /* PeopleCVCell.xib */ = {isa = PBXFileReference; lastKnownFileType = file.xib; path = PeopleCVCell.xib; sourceTree = "<group>"; };
		1508FD322263EE4000043D45 /* PeopleInfo.swift */ = {isa = PBXFileReference; lastKnownFileType = sourcecode.swift; path = PeopleInfo.swift; sourceTree = "<group>"; };
		151D698F224FC9A80087D26E /* ViewController.swift */ = {isa = PBXFileReference; lastKnownFileType = sourcecode.swift; path = ViewController.swift; sourceTree = "<group>"; };
		151D6991224FCA4E0087D26E /* GameViewController.swift */ = {isa = PBXFileReference; lastKnownFileType = sourcecode.swift; path = GameViewController.swift; sourceTree = "<group>"; };
		151D6993224FCCD10087D26E /* CallCenter.swift */ = {isa = PBXFileReference; fileEncoding = 4; lastKnownFileType = sourcecode.swift; path = CallCenter.swift; sourceTree = "<group>"; };
		153D7C2B225DFD6600DC6AFD /* TestStarCVCell.swift */ = {isa = PBXFileReference; lastKnownFileType = sourcecode.swift; path = TestStarCVCell.swift; sourceTree = "<group>"; };
		153D7C2C225DFD6600DC6AFD /* TestStarCVCell.xib */ = {isa = PBXFileReference; lastKnownFileType = file.xib; path = TestStarCVCell.xib; sourceTree = "<group>"; };
		153D7C2F2260DFB700DC6AFD /* LessonViewController.swift */ = {isa = PBXFileReference; lastKnownFileType = sourcecode.swift; path = LessonViewController.swift; sourceTree = "<group>"; };
		153D7C31226165FD00DC6AFD /* LessonTableViewCell.swift */ = {isa = PBXFileReference; lastKnownFileType = sourcecode.swift; path = LessonTableViewCell.swift; sourceTree = "<group>"; };
		154CDE972253743C001DB159 /* NewMainViewController.swift */ = {isa = PBXFileReference; lastKnownFileType = sourcecode.swift; path = NewMainViewController.swift; sourceTree = "<group>"; };
		15504AB6224D00AB000BD2DC /* MenuCollectionViewCell.swift */ = {isa = PBXFileReference; lastKnownFileType = sourcecode.swift; path = MenuCollectionViewCell.swift; sourceTree = "<group>"; };
		15504AB7224D00AB000BD2DC /* MenuCollectionViewCell.xib */ = {isa = PBXFileReference; lastKnownFileType = file.xib; path = MenuCollectionViewCell.xib; sourceTree = "<group>"; };
		15504ABA224D4D87000BD2DC /* Constraint.swift */ = {isa = PBXFileReference; lastKnownFileType = sourcecode.swift; path = Constraint.swift; sourceTree = "<group>"; };
		156AB9AF22628010000D16BC /* AudioPlayer.swift */ = {isa = PBXFileReference; fileEncoding = 4; lastKnownFileType = sourcecode.swift; name = AudioPlayer.swift; path = Pods/AudioPlayerSwift/Sources/AudioPlayer.swift; sourceTree = SOURCE_ROOT; };
		156AB9B12262913A000D16BC /* AVFoundation.framework */ = {isa = PBXFileReference; lastKnownFileType = wrapper.framework; name = AVFoundation.framework; path = System/Library/Frameworks/AVFoundation.framework; sourceTree = SDKROOT; };
		15934D912248256600377349 /* SukhumvitSet.ttc */ = {isa = PBXFileReference; lastKnownFileType = file; path = SukhumvitSet.ttc; sourceTree = "<group>"; };
		15934D922248256600377349 /* UPCarouselFlowLayout.swift */ = {isa = PBXFileReference; fileEncoding = 4; lastKnownFileType = sourcecode.swift; path = UPCarouselFlowLayout.swift; sourceTree = "<group>"; };
		15934D9522482A0600377349 /* UILabel.swift */ = {isa = PBXFileReference; lastKnownFileType = sourcecode.swift; path = UILabel.swift; sourceTree = "<group>"; };
		1593A3DC225BEDD70023CD6D /* LessonInfo.swift */ = {isa = PBXFileReference; lastKnownFileType = sourcecode.swift; path = LessonInfo.swift; sourceTree = "<group>"; };
		1593A3DE225C12310023CD6D /* Colors.swift */ = {isa = PBXFileReference; lastKnownFileType = sourcecode.swift; path = Colors.swift; sourceTree = "<group>"; };
		1593A3E1225CF0810023CD6D /* Score.swift */ = {isa = PBXFileReference; lastKnownFileType = sourcecode.swift; path = Score.swift; sourceTree = "<group>"; };
		1593A3E3225CF43E0023CD6D /* History.swift */ = {isa = PBXFileReference; lastKnownFileType = sourcecode.swift; path = History.swift; sourceTree = "<group>"; };
		1593A3E5225D137B0023CD6D /* WordInfo.swift */ = {isa = PBXFileReference; lastKnownFileType = sourcecode.swift; path = WordInfo.swift; sourceTree = "<group>"; };
		1593A3E7225D1CD20023CD6D /* TestCVCell.swift */ = {isa = PBXFileReference; lastKnownFileType = sourcecode.swift; path = TestCVCell.swift; sourceTree = "<group>"; };
		1593A3E8225D1CD20023CD6D /* TestCVCell.xib */ = {isa = PBXFileReference; lastKnownFileType = file.xib; path = TestCVCell.xib; sourceTree = "<group>"; };
		1593A3EB225D1E6C0023CD6D /* TestInfo.swift */ = {isa = PBXFileReference; lastKnownFileType = sourcecode.swift; path = TestInfo.swift; sourceTree = "<group>"; };
		1593A3ED225D3AEB0023CD6D /* TestCheck.swift */ = {isa = PBXFileReference; lastKnownFileType = sourcecode.swift; path = TestCheck.swift; sourceTree = "<group>"; };
		159B7627225A3ADB00A88872 /* LangCoreData.swift */ = {isa = PBXFileReference; lastKnownFileType = sourcecode.swift; path = LangCoreData.swift; sourceTree = "<group>"; };
		159B762A225A7C0700A88872 /* LoginViewController.swift */ = {isa = PBXFileReference; lastKnownFileType = sourcecode.swift; path = LoginViewController.swift; sourceTree = "<group>"; };
		15BB7FA12247F84000221775 /* Dek2Pasaa.app */ = {isa = PBXFileReference; explicitFileType = wrapper.application; includeInIndex = 0; path = Dek2Pasaa.app; sourceTree = BUILT_PRODUCTS_DIR; };
		15BB7FA42247F84000221775 /* AppDelegate.swift */ = {isa = PBXFileReference; lastKnownFileType = sourcecode.swift; path = AppDelegate.swift; sourceTree = "<group>"; };
		15BB7FA92247F84000221775 /* Base */ = {isa = PBXFileReference; lastKnownFileType = file.storyboard; name = Base; path = Base.lproj/Main.storyboard; sourceTree = "<group>"; };
		15BB7FAC2247F84000221775 /* Dek2Pasaa.xcdatamodel */ = {isa = PBXFileReference; lastKnownFileType = wrapper.xcdatamodel; path = Dek2Pasaa.xcdatamodel; sourceTree = "<group>"; };
		15BB7FAE2247F84100221775 /* Assets.xcassets */ = {isa = PBXFileReference; lastKnownFileType = folder.assetcatalog; path = Assets.xcassets; sourceTree = "<group>"; };
		15BB7FB12247F84100221775 /* Base */ = {isa = PBXFileReference; lastKnownFileType = file.storyboard; name = Base; path = Base.lproj/LaunchScreen.storyboard; sourceTree = "<group>"; };
		15BB7FB32247F84100221775 /* Info.plist */ = {isa = PBXFileReference; lastKnownFileType = text.plist.xml; path = Info.plist; sourceTree = "<group>"; };
		15BB7FB82247F84100221775 /* Dek2PasaaTests.xctest */ = {isa = PBXFileReference; explicitFileType = wrapper.cfbundle; includeInIndex = 0; path = Dek2PasaaTests.xctest; sourceTree = BUILT_PRODUCTS_DIR; };
		15BB7FBC2247F84100221775 /* Dek2PasaaTests.swift */ = {isa = PBXFileReference; lastKnownFileType = sourcecode.swift; path = Dek2PasaaTests.swift; sourceTree = "<group>"; };
		15BB7FBE2247F84100221775 /* Info.plist */ = {isa = PBXFileReference; lastKnownFileType = text.plist.xml; path = Info.plist; sourceTree = "<group>"; };
		15BB7FC32247F84100221775 /* Dek2PasaaUITests.xctest */ = {isa = PBXFileReference; explicitFileType = wrapper.cfbundle; includeInIndex = 0; path = Dek2PasaaUITests.xctest; sourceTree = BUILT_PRODUCTS_DIR; };
		15BB7FC72247F84100221775 /* Dek2PasaaUITests.swift */ = {isa = PBXFileReference; lastKnownFileType = sourcecode.swift; path = Dek2PasaaUITests.swift; sourceTree = "<group>"; };
		15BB7FC92247F84100221775 /* Info.plist */ = {isa = PBXFileReference; lastKnownFileType = text.plist.xml; path = Info.plist; sourceTree = "<group>"; };
		15BB7FE12247FE7800221775 /* MainViewController.swift */ = {isa = PBXFileReference; lastKnownFileType = sourcecode.swift; path = MainViewController.swift; sourceTree = "<group>"; };
		15BB7FE32248004900221775 /* GoogleService-Info.plist */ = {isa = PBXFileReference; fileEncoding = 4; lastKnownFileType = text.plist.xml; path = "GoogleService-Info.plist"; sourceTree = "<group>"; };
		15BB7FE6224801BC00221775 /* PrimaryColor.swift */ = {isa = PBXFileReference; lastKnownFileType = sourcecode.swift; path = PrimaryColor.swift; sourceTree = "<group>"; };
		15BB7FE82248048100221775 /* Color.swift */ = {isa = PBXFileReference; lastKnownFileType = sourcecode.swift; path = Color.swift; sourceTree = "<group>"; };
		15BB7FEB2248058700221775 /* UIColor.swift */ = {isa = PBXFileReference; lastKnownFileType = sourcecode.swift; path = UIColor.swift; sourceTree = "<group>"; };
		15BB7FED22480A1C00221775 /* UIView.swift */ = {isa = PBXFileReference; lastKnownFileType = sourcecode.swift; path = UIView.swift; sourceTree = "<group>"; };
		15BB7FEF22480A4800221775 /* UIDevice.swift */ = {isa = PBXFileReference; lastKnownFileType = sourcecode.swift; path = UIDevice.swift; sourceTree = "<group>"; };
		15BB7FF722480AE200221775 /* UIScrollView.swift */ = {isa = PBXFileReference; lastKnownFileType = sourcecode.swift; path = UIScrollView.swift; sourceTree = "<group>"; };
		15BB7FF922480AF500221775 /* UIImageView.swift */ = {isa = PBXFileReference; lastKnownFileType = sourcecode.swift; path = UIImageView.swift; sourceTree = "<group>"; };
		15BB7FFB22480B1B00221775 /* UINavigationController.swift */ = {isa = PBXFileReference; lastKnownFileType = sourcecode.swift; path = UINavigationController.swift; sourceTree = "<group>"; };
		15BB7FFD22480B3D00221775 /* StringProtocol.swift */ = {isa = PBXFileReference; lastKnownFileType = sourcecode.swift; path = StringProtocol.swift; sourceTree = "<group>"; };
		15BB7FFF22480BC500221775 /* AppConfig.swift */ = {isa = PBXFileReference; lastKnownFileType = sourcecode.swift; path = AppConfig.swift; sourceTree = "<group>"; };
		15BB800122480C5C00221775 /* UIButton.swift */ = {isa = PBXFileReference; lastKnownFileType = sourcecode.swift; path = UIButton.swift; sourceTree = "<group>"; };
		15BB800322480E3F00221775 /* UIViewController.swift */ = {isa = PBXFileReference; lastKnownFileType = sourcecode.swift; path = UIViewController.swift; sourceTree = "<group>"; };
		15C0742B2266901B00AFC1D1 /* AboutViewController.swift */ = {isa = PBXFileReference; lastKnownFileType = sourcecode.swift; path = AboutViewController.swift; sourceTree = "<group>"; };
		15D9C0052266513D00812724 /* SettingViewController.swift */ = {isa = PBXFileReference; lastKnownFileType = sourcecode.swift; path = SettingViewController.swift; sourceTree = "<group>"; };
		15D9C00722665E6300812724 /* SettingTableViewCell.swift */ = {isa = PBXFileReference; lastKnownFileType = sourcecode.swift; path = SettingTableViewCell.swift; sourceTree = "<group>"; };
		15DC7056228AEE74006CD9D8 /* Dek2Pasaa.entitlements */ = {isa = PBXFileReference; lastKnownFileType = text.plist.entitlements; path = Dek2Pasaa.entitlements; sourceTree = "<group>"; };
		15DFC19122AE10DE00D41D8A /* VideoTableViewCell.swift */ = {isa = PBXFileReference; lastKnownFileType = sourcecode.swift; path = VideoTableViewCell.swift; sourceTree = "<group>"; };
		15E63ACE225BA63000B6AF33 /* GameCVCell.swift */ = {isa = PBXFileReference; lastKnownFileType = sourcecode.swift; path = GameCVCell.swift; sourceTree = "<group>"; };
		15E63ACF225BA63000B6AF33 /* GameCVCell.xib */ = {isa = PBXFileReference; lastKnownFileType = file.xib; path = GameCVCell.xib; sourceTree = "<group>"; };
		15E63AD2225BA64D00B6AF33 /* ChoiceCVCell.swift */ = {isa = PBXFileReference; lastKnownFileType = sourcecode.swift; path = ChoiceCVCell.swift; sourceTree = "<group>"; };
		15E63AD3225BA64E00B6AF33 /* ChoiceCVCell.xib */ = {isa = PBXFileReference; lastKnownFileType = file.xib; path = ChoiceCVCell.xib; sourceTree = "<group>"; };
		15FFD7AD2248B29C00DCCB30 /* MenuStruct.swift */ = {isa = PBXFileReference; lastKnownFileType = sourcecode.swift; path = MenuStruct.swift; sourceTree = "<group>"; };
		15FFD7B02248B40800DCCB30 /* MenuString.swift */ = {isa = PBXFileReference; lastKnownFileType = sourcecode.swift; path = MenuString.swift; sourceTree = "<group>"; };
		15FFD7B42248B4C500DCCB30 /* MenuCVCell.swift */ = {isa = PBXFileReference; lastKnownFileType = sourcecode.swift; path = MenuCVCell.swift; sourceTree = "<group>"; };
		15FFD7B52248B4C500DCCB30 /* MenuCVCell.xib */ = {isa = PBXFileReference; lastKnownFileType = file.xib; path = MenuCVCell.xib; sourceTree = "<group>"; };
		15FFD7BA2248D08C00DCCB30 /* TS-SOM TUM-np.ttf */ = {isa = PBXFileReference; lastKnownFileType = file; path = "TS-SOM TUM-np.ttf"; sourceTree = "<group>"; };
		15FFD7BB2248D08C00DCCB30 /* TS-Som tum -A-NP.ttf */ = {isa = PBXFileReference; lastKnownFileType = file; path = "TS-Som tum -A-NP.ttf"; sourceTree = "<group>"; };
		15FFD7BC2248D08C00DCCB30 /* TS-Som tum-B-NP.ttf */ = {isa = PBXFileReference; lastKnownFileType = file; path = "TS-Som tum-B-NP.ttf"; sourceTree = "<group>"; };
		319B9425B419AACA6B019A19 /* Pods-Dek2PasaaTests.debug.xcconfig */ = {isa = PBXFileReference; includeInIndex = 1; lastKnownFileType = text.xcconfig; name = "Pods-Dek2PasaaTests.debug.xcconfig"; path = "Pods/Target Support Files/Pods-Dek2PasaaTests/Pods-Dek2PasaaTests.debug.xcconfig"; sourceTree = "<group>"; };
		46EFD267ADB3B36F0A8CE026 /* Pods_Dek2Pasaa.framework */ = {isa = PBXFileReference; explicitFileType = wrapper.framework; includeInIndex = 0; path = Pods_Dek2Pasaa.framework; sourceTree = BUILT_PRODUCTS_DIR; };
		6852145CDCAEE8F6E1445D70 /* Pods_Dek2PasaaTests.framework */ = {isa = PBXFileReference; explicitFileType = wrapper.framework; includeInIndex = 0; path = Pods_Dek2PasaaTests.framework; sourceTree = BUILT_PRODUCTS_DIR; };
		71065140E612314E52B360D4 /* Pods-Dek2PasaaTests.release.xcconfig */ = {isa = PBXFileReference; includeInIndex = 1; lastKnownFileType = text.xcconfig; name = "Pods-Dek2PasaaTests.release.xcconfig"; path = "Pods/Target Support Files/Pods-Dek2PasaaTests/Pods-Dek2PasaaTests.release.xcconfig"; sourceTree = "<group>"; };
		809E14274FF59FDDE31C3895 /* Pods-Dek2Pasaa.release.xcconfig */ = {isa = PBXFileReference; includeInIndex = 1; lastKnownFileType = text.xcconfig; name = "Pods-Dek2Pasaa.release.xcconfig"; path = "Pods/Target Support Files/Pods-Dek2Pasaa/Pods-Dek2Pasaa.release.xcconfig"; sourceTree = "<group>"; };
		849EB3FE5F686697F6C831C1 /* Pods-Dek2Pasaa.debug.xcconfig */ = {isa = PBXFileReference; includeInIndex = 1; lastKnownFileType = text.xcconfig; name = "Pods-Dek2Pasaa.debug.xcconfig"; path = "Pods/Target Support Files/Pods-Dek2Pasaa/Pods-Dek2Pasaa.debug.xcconfig"; sourceTree = "<group>"; };
		B58466A3977A162E09B87DB2 /* Pods_Dek2PasaaUITests.framework */ = {isa = PBXFileReference; explicitFileType = wrapper.framework; includeInIndex = 0; path = Pods_Dek2PasaaUITests.framework; sourceTree = BUILT_PRODUCTS_DIR; };
		EC29388F85B635312E7FE559 /* Pods-Dek2PasaaUITests.release.xcconfig */ = {isa = PBXFileReference; includeInIndex = 1; lastKnownFileType = text.xcconfig; name = "Pods-Dek2PasaaUITests.release.xcconfig"; path = "Pods/Target Support Files/Pods-Dek2PasaaUITests/Pods-Dek2PasaaUITests.release.xcconfig"; sourceTree = "<group>"; };
		FF5FF446DC4D96BE420DC6EC /* Pods-Dek2PasaaUITests.debug.xcconfig */ = {isa = PBXFileReference; includeInIndex = 1; lastKnownFileType = text.xcconfig; name = "Pods-Dek2PasaaUITests.debug.xcconfig"; path = "Pods/Target Support Files/Pods-Dek2PasaaUITests/Pods-Dek2PasaaUITests.debug.xcconfig"; sourceTree = "<group>"; };
/* End PBXFileReference section */

/* Begin PBXFrameworksBuildPhase section */
		15BB7F9E2247F84000221775 /* Frameworks */ = {
			isa = PBXFrameworksBuildPhase;
			buildActionMask = 2147483647;
			files = (
				156AB9B22262913A000D16BC /* AVFoundation.framework in Frameworks */,
				6EC2B0EAA4A07CD07BD7D6FF /* Pods_Dek2Pasaa.framework in Frameworks */,
			);
			runOnlyForDeploymentPostprocessing = 0;
		};
		15BB7FB52247F84100221775 /* Frameworks */ = {
			isa = PBXFrameworksBuildPhase;
			buildActionMask = 2147483647;
			files = (
				7E8F152F01475CC3091799BE /* Pods_Dek2PasaaTests.framework in Frameworks */,
			);
			runOnlyForDeploymentPostprocessing = 0;
		};
		15BB7FC02247F84100221775 /* Frameworks */ = {
			isa = PBXFrameworksBuildPhase;
			buildActionMask = 2147483647;
			files = (
				3400E367B3B71BD5F23B303C /* Pods_Dek2PasaaUITests.framework in Frameworks */,
			);
			runOnlyForDeploymentPostprocessing = 0;
		};
/* End PBXFrameworksBuildPhase section */

/* Begin PBXGroup section */
		15934D902248253700377349 /* Resource */ = {
			isa = PBXGroup;
			children = (
				15934D912248256600377349 /* SukhumvitSet.ttc */,
				15934D922248256600377349 /* UPCarouselFlowLayout.swift */,
				15FFD7BB2248D08C00DCCB30 /* TS-Som tum -A-NP.ttf */,
				15FFD7BC2248D08C00DCCB30 /* TS-Som tum-B-NP.ttf */,
				15FFD7BA2248D08C00DCCB30 /* TS-SOM TUM-np.ttf */,
			);
			path = Resource;
			sourceTree = "<group>";
		};
		1593A3E0225CF0670023CD6D /* ConTools */ = {
			isa = PBXGroup;
			children = (
				1593A3E1225CF0810023CD6D /* Score.swift */,
			);
			path = ConTools;
			sourceTree = "<group>";
		};
		159B7626225A3AC100A88872 /*  CoreData */ = {
			isa = PBXGroup;
			children = (
				159B7627225A3ADB00A88872 /* LangCoreData.swift */,
			);
			path = " CoreData";
			sourceTree = "<group>";
		};
		159B7629225A7B8700A88872 /* Other */ = {
			isa = PBXGroup;
			children = (
				159B762A225A7C0700A88872 /* LoginViewController.swift */,
			);
			path = Other;
			sourceTree = "<group>";
		};
		15BB7F982247F84000221775 = {
			isa = PBXGroup;
			children = (
				15BB7FA32247F84000221775 /* Dek2Pasaa */,
				15BB7FBB2247F84100221775 /* Dek2PasaaTests */,
				15BB7FC62247F84100221775 /* Dek2PasaaUITests */,
				15BB7FA22247F84000221775 /* Products */,
				848440A96A76630CFF3215A1 /* Pods */,
				82C12DFF08A9E9D345CC97E4 /* Frameworks */,
			);
			sourceTree = "<group>";
		};
		15BB7FA22247F84000221775 /* Products */ = {
			isa = PBXGroup;
			children = (
				15BB7FA12247F84000221775 /* Dek2Pasaa.app */,
				15BB7FB82247F84100221775 /* Dek2PasaaTests.xctest */,
				15BB7FC32247F84100221775 /* Dek2PasaaUITests.xctest */,
			);
			name = Products;
			sourceTree = "<group>";
		};
		15BB7FA32247F84000221775 /* Dek2Pasaa */ = {
			isa = PBXGroup;
			children = (
				15DC7056228AEE74006CD9D8 /* Dek2Pasaa.entitlements */,
				159B7626225A3AC100A88872 /*  CoreData */,
				15FFD7B22248B48D00DCCB30 /* Cells */,
				15FFD7AF2248B3F400DCCB30 /* Strings */,
				15FFD7AC2248B27B00DCCB30 /* Structs */,
				15934D902248253700377349 /* Resource */,
				15BB7FEA2248056D00221775 /* CustomClass */,
				15BB7FE5224801A800221775 /* Tools */,
				15BB7FD62247FBA700221775 /* Controller */,
				15BB7FD52247FB9800221775 /* Storyboard */,
				15BB7FA42247F84000221775 /* AppDelegate.swift */,
				15BB7FE32248004900221775 /* GoogleService-Info.plist */,
				15BB7FAE2247F84100221775 /* Assets.xcassets */,
				15BB7FB32247F84100221775 /* Info.plist */,
				15BB7FAB2247F84000221775 /* Dek2Pasaa.xcdatamodeld */,
			);
			path = Dek2Pasaa;
			sourceTree = "<group>";
		};
		15BB7FBB2247F84100221775 /* Dek2PasaaTests */ = {
			isa = PBXGroup;
			children = (
				15BB7FBC2247F84100221775 /* Dek2PasaaTests.swift */,
				15BB7FBE2247F84100221775 /* Info.plist */,
			);
			path = Dek2PasaaTests;
			sourceTree = "<group>";
		};
		15BB7FC62247F84100221775 /* Dek2PasaaUITests */ = {
			isa = PBXGroup;
			children = (
				15BB7FC72247F84100221775 /* Dek2PasaaUITests.swift */,
				15BB7FC92247F84100221775 /* Info.plist */,
			);
			path = Dek2PasaaUITests;
			sourceTree = "<group>";
		};
		15BB7FD52247FB9800221775 /* Storyboard */ = {
			isa = PBXGroup;
			children = (
				15BB7FD72247FBBD00221775 /* Main */,
				15BB7FB02247F84100221775 /* LaunchScreen.storyboard */,
			);
			path = Storyboard;
			sourceTree = "<group>";
		};
		15BB7FD62247FBA700221775 /* Controller */ = {
			isa = PBXGroup;
			children = (
				1593A3E0225CF0670023CD6D /* ConTools */,
				159B7629225A7B8700A88872 /* Other */,
				15BB7FDC2247FD2100221775 /* Main */,
			);
			path = Controller;
			sourceTree = "<group>";
		};
		15BB7FD72247FBBD00221775 /* Main */ = {
			isa = PBXGroup;
			children = (
				15BB7FA82247F84000221775 /* Main.storyboard */,
			);
			path = Main;
			sourceTree = "<group>";
		};
		15BB7FDC2247FD2100221775 /* Main */ = {
			isa = PBXGroup;
			children = (
				15BB7FE12247FE7800221775 /* MainViewController.swift */,
				151D6991224FCA4E0087D26E /* GameViewController.swift */,
				154CDE972253743C001DB159 /* NewMainViewController.swift */,
				153D7C2F2260DFB700DC6AFD /* LessonViewController.swift */,
				15D9C0052266513D00812724 /* SettingViewController.swift */,
				15C0742B2266901B00AFC1D1 /* AboutViewController.swift */,
			);
			path = Main;
			sourceTree = "<group>";
		};
		15BB7FE5224801A800221775 /* Tools */ = {
			isa = PBXGroup;
			children = (
				156AB9AF22628010000D16BC /* AudioPlayer.swift */,
				151D6993224FCCD10087D26E /* CallCenter.swift */,
				15BB7FE6224801BC00221775 /* PrimaryColor.swift */,
				15BB7FE82248048100221775 /* Color.swift */,
				15BB7FFF22480BC500221775 /* AppConfig.swift */,
				15504ABA224D4D87000BD2DC /* Constraint.swift */,
				151D698F224FC9A80087D26E /* ViewController.swift */,
				1593A3DE225C12310023CD6D /* Colors.swift */,
			);
			path = Tools;
			sourceTree = "<group>";
		};
		15BB7FEA2248056D00221775 /* CustomClass */ = {
			isa = PBXGroup;
			children = (
				15BB7FEB2248058700221775 /* UIColor.swift */,
				15BB7FED22480A1C00221775 /* UIView.swift */,
				15BB7FEF22480A4800221775 /* UIDevice.swift */,
				15BB7FF722480AE200221775 /* UIScrollView.swift */,
				15BB7FF922480AF500221775 /* UIImageView.swift */,
				15BB7FFB22480B1B00221775 /* UINavigationController.swift */,
				15BB7FFD22480B3D00221775 /* StringProtocol.swift */,
				15BB800122480C5C00221775 /* UIButton.swift */,
				15BB800322480E3F00221775 /* UIViewController.swift */,
				15934D9522482A0600377349 /* UILabel.swift */,
			);
			path = CustomClass;
			sourceTree = "<group>";
		};
		15FFD7AC2248B27B00DCCB30 /* Structs */ = {
			isa = PBXGroup;
			children = (
				15FFD7AD2248B29C00DCCB30 /* MenuStruct.swift */,
				1593A3DC225BEDD70023CD6D /* LessonInfo.swift */,
				1593A3E3225CF43E0023CD6D /* History.swift */,
				1593A3E5225D137B0023CD6D /* WordInfo.swift */,
				1593A3EB225D1E6C0023CD6D /* TestInfo.swift */,
				1593A3ED225D3AEB0023CD6D /* TestCheck.swift */,
				1508FD322263EE4000043D45 /* PeopleInfo.swift */,
			);
			path = Structs;
			sourceTree = "<group>";
		};
		15FFD7AF2248B3F400DCCB30 /* Strings */ = {
			isa = PBXGroup;
			children = (
				15FFD7B02248B40800DCCB30 /* MenuString.swift */,
			);
			path = Strings;
			sourceTree = "<group>";
		};
		15FFD7B22248B48D00DCCB30 /* Cells */ = {
			isa = PBXGroup;
			children = (
				15FFD7B32248B49600DCCB30 /* Menu */,
			);
			path = Cells;
			sourceTree = "<group>";
		};
		15FFD7B32248B49600DCCB30 /* Menu */ = {
			isa = PBXGroup;
			children = (
				15FFD7B42248B4C500DCCB30 /* MenuCVCell.swift */,
				15FFD7B52248B4C500DCCB30 /* MenuCVCell.xib */,
				15504AB6224D00AB000BD2DC /* MenuCollectionViewCell.swift */,
				15504AB7224D00AB000BD2DC /* MenuCollectionViewCell.xib */,
				15E63ACE225BA63000B6AF33 /* GameCVCell.swift */,
				15E63ACF225BA63000B6AF33 /* GameCVCell.xib */,
				15E63AD2225BA64D00B6AF33 /* ChoiceCVCell.swift */,
				15E63AD3225BA64E00B6AF33 /* ChoiceCVCell.xib */,
				1593A3E7225D1CD20023CD6D /* TestCVCell.swift */,
				1593A3E8225D1CD20023CD6D /* TestCVCell.xib */,
				153D7C2B225DFD6600DC6AFD /* TestStarCVCell.swift */,
				153D7C2C225DFD6600DC6AFD /* TestStarCVCell.xib */,
				153D7C31226165FD00DC6AFD /* LessonTableViewCell.swift */,
				1508FD2E2263E53C00043D45 /* PeopleCVCell.swift */,
				1508FD2F2263E53D00043D45 /* PeopleCVCell.xib */,
				15D9C00722665E6300812724 /* SettingTableViewCell.swift */,
				15DFC19122AE10DE00D41D8A /* VideoTableViewCell.swift */,
			);
			path = Menu;
			sourceTree = "<group>";
		};
		82C12DFF08A9E9D345CC97E4 /* Frameworks */ = {
			isa = PBXGroup;
			children = (
				156AB9B12262913A000D16BC /* AVFoundation.framework */,
				46EFD267ADB3B36F0A8CE026 /* Pods_Dek2Pasaa.framework */,
				6852145CDCAEE8F6E1445D70 /* Pods_Dek2PasaaTests.framework */,
				B58466A3977A162E09B87DB2 /* Pods_Dek2PasaaUITests.framework */,
			);
			name = Frameworks;
			sourceTree = "<group>";
		};
		848440A96A76630CFF3215A1 /* Pods */ = {
			isa = PBXGroup;
			children = (
				849EB3FE5F686697F6C831C1 /* Pods-Dek2Pasaa.debug.xcconfig */,
				809E14274FF59FDDE31C3895 /* Pods-Dek2Pasaa.release.xcconfig */,
				319B9425B419AACA6B019A19 /* Pods-Dek2PasaaTests.debug.xcconfig */,
				71065140E612314E52B360D4 /* Pods-Dek2PasaaTests.release.xcconfig */,
				FF5FF446DC4D96BE420DC6EC /* Pods-Dek2PasaaUITests.debug.xcconfig */,
				EC29388F85B635312E7FE559 /* Pods-Dek2PasaaUITests.release.xcconfig */,
			);
			name = Pods;
			sourceTree = "<group>";
		};
/* End PBXGroup section */

/* Begin PBXNativeTarget section */
		15BB7FA02247F84000221775 /* Dek2Pasaa */ = {
			isa = PBXNativeTarget;
			buildConfigurationList = 15BB7FCC2247F84100221775 /* Build configuration list for PBXNativeTarget "Dek2Pasaa" */;
			buildPhases = (
				882AC8C8F23F2F3482D428B3 /* [CP] Check Pods Manifest.lock */,
				15BB7F9D2247F84000221775 /* Sources */,
				15BB7F9E2247F84000221775 /* Frameworks */,
				15BB7F9F2247F84000221775 /* Resources */,
				80FEDECDEFFB31DAA52DD2BA /* [CP] Embed Pods Frameworks */,
				D22FBC5E95A8780319709DB9 /* [CP] Copy Pods Resources */,
			);
			buildRules = (
			);
			dependencies = (
			);
			name = Dek2Pasaa;
			productName = Dek2Pasaa;
			productReference = 15BB7FA12247F84000221775 /* Dek2Pasaa.app */;
			productType = "com.apple.product-type.application";
		};
		15BB7FB72247F84100221775 /* Dek2PasaaTests */ = {
			isa = PBXNativeTarget;
			buildConfigurationList = 15BB7FCF2247F84100221775 /* Build configuration list for PBXNativeTarget "Dek2PasaaTests" */;
			buildPhases = (
				7220989A7537DB6E3EC70633 /* [CP] Check Pods Manifest.lock */,
				15BB7FB42247F84100221775 /* Sources */,
				15BB7FB52247F84100221775 /* Frameworks */,
				15BB7FB62247F84100221775 /* Resources */,
			);
			buildRules = (
			);
			dependencies = (
				15BB7FBA2247F84100221775 /* PBXTargetDependency */,
			);
			name = Dek2PasaaTests;
			productName = Dek2PasaaTests;
			productReference = 15BB7FB82247F84100221775 /* Dek2PasaaTests.xctest */;
			productType = "com.apple.product-type.bundle.unit-test";
		};
		15BB7FC22247F84100221775 /* Dek2PasaaUITests */ = {
			isa = PBXNativeTarget;
			buildConfigurationList = 15BB7FD22247F84100221775 /* Build configuration list for PBXNativeTarget "Dek2PasaaUITests" */;
			buildPhases = (
				CF2FA7EAE747AA6BB8DA5E80 /* [CP] Check Pods Manifest.lock */,
				15BB7FBF2247F84100221775 /* Sources */,
				15BB7FC02247F84100221775 /* Frameworks */,
				15BB7FC12247F84100221775 /* Resources */,
			);
			buildRules = (
			);
			dependencies = (
				15BB7FC52247F84100221775 /* PBXTargetDependency */,
			);
			name = Dek2PasaaUITests;
			productName = Dek2PasaaUITests;
			productReference = 15BB7FC32247F84100221775 /* Dek2PasaaUITests.xctest */;
			productType = "com.apple.product-type.bundle.ui-testing";
		};
/* End PBXNativeTarget section */

/* Begin PBXProject section */
		15BB7F992247F84000221775 /* Project object */ = {
			isa = PBXProject;
			attributes = {
				LastSwiftUpdateCheck = 1010;
				LastUpgradeCheck = 1010;
				ORGANIZATIONNAME = MelonDev;
				TargetAttributes = {
					15BB7FA02247F84000221775 = {
						CreatedOnToolsVersion = 10.1;
						SystemCapabilities = {
							com.apple.Push = {
								enabled = 1;
							};
						};
					};
					15BB7FB72247F84100221775 = {
						CreatedOnToolsVersion = 10.1;
						TestTargetID = 15BB7FA02247F84000221775;
					};
					15BB7FC22247F84100221775 = {
						CreatedOnToolsVersion = 10.1;
						TestTargetID = 15BB7FA02247F84000221775;
					};
				};
			};
			buildConfigurationList = 15BB7F9C2247F84000221775 /* Build configuration list for PBXProject "Dek2Pasaa" */;
			compatibilityVersion = "Xcode 9.3";
			developmentRegion = en;
			hasScannedForEncodings = 0;
			knownRegions = (
				en,
				Base,
			);
			mainGroup = 15BB7F982247F84000221775;
			productRefGroup = 15BB7FA22247F84000221775 /* Products */;
			projectDirPath = "";
			projectRoot = "";
			targets = (
				15BB7FA02247F84000221775 /* Dek2Pasaa */,
				15BB7FB72247F84100221775 /* Dek2PasaaTests */,
				15BB7FC22247F84100221775 /* Dek2PasaaUITests */,
			);
		};
/* End PBXProject section */

/* Begin PBXResourcesBuildPhase section */
		15BB7F9F2247F84000221775 /* Resources */ = {
			isa = PBXResourcesBuildPhase;
			buildActionMask = 2147483647;
			files = (
				1508FD312263E53D00043D45 /* PeopleCVCell.xib in Resources */,
				15BB7FB22247F84100221775 /* LaunchScreen.storyboard in Resources */,
				15E63AD1225BA63000B6AF33 /* GameCVCell.xib in Resources */,
				15FFD7BF2248D08C00DCCB30 /* TS-Som tum-B-NP.ttf in Resources */,
				15BB7FAF2247F84100221775 /* Assets.xcassets in Resources */,
				153D7C2E225DFD6600DC6AFD /* TestStarCVCell.xib in Resources */,
				15FFD7BE2248D08C00DCCB30 /* TS-Som tum -A-NP.ttf in Resources */,
				15E63AD5225BA64E00B6AF33 /* ChoiceCVCell.xib in Resources */,
				15BB7FAA2247F84000221775 /* Main.storyboard in Resources */,
				15FFD7BD2248D08C00DCCB30 /* TS-SOM TUM-np.ttf in Resources */,
				15FFD7B72248B4C500DCCB30 /* MenuCVCell.xib in Resources */,
				15504AB9224D00AB000BD2DC /* MenuCollectionViewCell.xib in Resources */,
				15934D932248256600377349 /* SukhumvitSet.ttc in Resources */,
				15BB7FE42248004900221775 /* GoogleService-Info.plist in Resources */,
				1593A3EA225D1CD20023CD6D /* TestCVCell.xib in Resources */,
			);
			runOnlyForDeploymentPostprocessing = 0;
		};
		15BB7FB62247F84100221775 /* Resources */ = {
			isa = PBXResourcesBuildPhase;
			buildActionMask = 2147483647;
			files = (
			);
			runOnlyForDeploymentPostprocessing = 0;
		};
		15BB7FC12247F84100221775 /* Resources */ = {
			isa = PBXResourcesBuildPhase;
			buildActionMask = 2147483647;
			files = (
			);
			runOnlyForDeploymentPostprocessing = 0;
		};
/* End PBXResourcesBuildPhase section */

/* Begin PBXShellScriptBuildPhase section */
		7220989A7537DB6E3EC70633 /* [CP] Check Pods Manifest.lock */ = {
			isa = PBXShellScriptBuildPhase;
			buildActionMask = 2147483647;
			files = (
			);
			inputFileListPaths = (
			);
			inputPaths = (
				"${PODS_PODFILE_DIR_PATH}/Podfile.lock",
				"${PODS_ROOT}/Manifest.lock",
			);
			name = "[CP] Check Pods Manifest.lock";
			outputFileListPaths = (
			);
			outputPaths = (
				"$(DERIVED_FILE_DIR)/Pods-Dek2PasaaTests-checkManifestLockResult.txt",
			);
			runOnlyForDeploymentPostprocessing = 0;
			shellPath = /bin/sh;
			shellScript = "diff \"${PODS_PODFILE_DIR_PATH}/Podfile.lock\" \"${PODS_ROOT}/Manifest.lock\" > /dev/null\nif [ $? != 0 ] ; then\n    # print error to STDERR\n    echo \"error: The sandbox is not in sync with the Podfile.lock. Run 'pod install' or update your CocoaPods installation.\" >&2\n    exit 1\nfi\n# This output is used by Xcode 'outputs' to avoid re-running this script phase.\necho \"SUCCESS\" > \"${SCRIPT_OUTPUT_FILE_0}\"\n";
			showEnvVarsInLog = 0;
		};
		80FEDECDEFFB31DAA52DD2BA /* [CP] Embed Pods Frameworks */ = {
			isa = PBXShellScriptBuildPhase;
			buildActionMask = 2147483647;
			files = (
			);
			inputFileListPaths = (
			);
			inputPaths = (
				"${SRCROOT}/Pods/Target Support Files/Pods-Dek2Pasaa/Pods-Dek2Pasaa-frameworks.sh",
				"${BUILT_PRODUCTS_DIR}/Alamofire/Alamofire.framework",
				"${BUILT_PRODUCTS_DIR}/AlamofireImage/AlamofireImage.framework",
				"${BUILT_PRODUCTS_DIR}/AudioPlayerSwift/AudioPlayer.framework",
				"${BUILT_PRODUCTS_DIR}/Bolts/Bolts.framework",
				"${BUILT_PRODUCTS_DIR}/CenteredCollectionView/CenteredCollectionView.framework",
				"${BUILT_PRODUCTS_DIR}/FBSDKCoreKit/FBSDKCoreKit.framework",
				"${BUILT_PRODUCTS_DIR}/FBSDKLoginKit/FBSDKLoginKit.framework",
				"${BUILT_PRODUCTS_DIR}/GTMSessionFetcher/GTMSessionFetcher.framework",
				"${BUILT_PRODUCTS_DIR}/GoogleToolboxForMac/GoogleToolboxForMac.framework",
				"${BUILT_PRODUCTS_DIR}/GoogleUtilities/GoogleUtilities.framework",
				"${BUILT_PRODUCTS_DIR}/Hero/Hero.framework",
				"${BUILT_PRODUCTS_DIR}/Kingfisher/Kingfisher.framework",
				"${BUILT_PRODUCTS_DIR}/TORoundedTableView/TORoundedTableView.framework",
				"${BUILT_PRODUCTS_DIR}/UPCarouselFlowLayout/UPCarouselFlowLayout.framework",
				"${BUILT_PRODUCTS_DIR}/leveldb-library/leveldb.framework",
				"${BUILT_PRODUCTS_DIR}/nanopb/nanopb.framework",
			);
			name = "[CP] Embed Pods Frameworks";
			outputFileListPaths = (
			);
			outputPaths = (
				"${TARGET_BUILD_DIR}/${FRAMEWORKS_FOLDER_PATH}/Alamofire.framework",
				"${TARGET_BUILD_DIR}/${FRAMEWORKS_FOLDER_PATH}/AlamofireImage.framework",
				"${TARGET_BUILD_DIR}/${FRAMEWORKS_FOLDER_PATH}/AudioPlayer.framework",
				"${TARGET_BUILD_DIR}/${FRAMEWORKS_FOLDER_PATH}/Bolts.framework",
				"${TARGET_BUILD_DIR}/${FRAMEWORKS_FOLDER_PATH}/CenteredCollectionView.framework",
				"${TARGET_BUILD_DIR}/${FRAMEWORKS_FOLDER_PATH}/FBSDKCoreKit.framework",
				"${TARGET_BUILD_DIR}/${FRAMEWORKS_FOLDER_PATH}/FBSDKLoginKit.framework",
				"${TARGET_BUILD_DIR}/${FRAMEWORKS_FOLDER_PATH}/GTMSessionFetcher.framework",
				"${TARGET_BUILD_DIR}/${FRAMEWORKS_FOLDER_PATH}/GoogleToolboxForMac.framework",
				"${TARGET_BUILD_DIR}/${FRAMEWORKS_FOLDER_PATH}/GoogleUtilities.framework",
				"${TARGET_BUILD_DIR}/${FRAMEWORKS_FOLDER_PATH}/Hero.framework",
				"${TARGET_BUILD_DIR}/${FRAMEWORKS_FOLDER_PATH}/Kingfisher.framework",
				"${TARGET_BUILD_DIR}/${FRAMEWORKS_FOLDER_PATH}/TORoundedTableView.framework",
				"${TARGET_BUILD_DIR}/${FRAMEWORKS_FOLDER_PATH}/UPCarouselFlowLayout.framework",
				"${TARGET_BUILD_DIR}/${FRAMEWORKS_FOLDER_PATH}/leveldb.framework",
				"${TARGET_BUILD_DIR}/${FRAMEWORKS_FOLDER_PATH}/nanopb.framework",
			);
			runOnlyForDeploymentPostprocessing = 0;
			shellPath = /bin/sh;
			shellScript = "\"${SRCROOT}/Pods/Target Support Files/Pods-Dek2Pasaa/Pods-Dek2Pasaa-frameworks.sh\"\n";
			showEnvVarsInLog = 0;
		};
		882AC8C8F23F2F3482D428B3 /* [CP] Check Pods Manifest.lock */ = {
			isa = PBXShellScriptBuildPhase;
			buildActionMask = 2147483647;
			files = (
			);
			inputFileListPaths = (
			);
			inputPaths = (
				"${PODS_PODFILE_DIR_PATH}/Podfile.lock",
				"${PODS_ROOT}/Manifest.lock",
			);
			name = "[CP] Check Pods Manifest.lock";
			outputFileListPaths = (
			);
			outputPaths = (
				"$(DERIVED_FILE_DIR)/Pods-Dek2Pasaa-checkManifestLockResult.txt",
			);
			runOnlyForDeploymentPostprocessing = 0;
			shellPath = /bin/sh;
			shellScript = "diff \"${PODS_PODFILE_DIR_PATH}/Podfile.lock\" \"${PODS_ROOT}/Manifest.lock\" > /dev/null\nif [ $? != 0 ] ; then\n    # print error to STDERR\n    echo \"error: The sandbox is not in sync with the Podfile.lock. Run 'pod install' or update your CocoaPods installation.\" >&2\n    exit 1\nfi\n# This output is used by Xcode 'outputs' to avoid re-running this script phase.\necho \"SUCCESS\" > \"${SCRIPT_OUTPUT_FILE_0}\"\n";
			showEnvVarsInLog = 0;
		};
		CF2FA7EAE747AA6BB8DA5E80 /* [CP] Check Pods Manifest.lock */ = {
			isa = PBXShellScriptBuildPhase;
			buildActionMask = 2147483647;
			files = (
			);
			inputFileListPaths = (
			);
			inputPaths = (
				"${PODS_PODFILE_DIR_PATH}/Podfile.lock",
				"${PODS_ROOT}/Manifest.lock",
			);
			name = "[CP] Check Pods Manifest.lock";
			outputFileListPaths = (
			);
			outputPaths = (
				"$(DERIVED_FILE_DIR)/Pods-Dek2PasaaUITests-checkManifestLockResult.txt",
			);
			runOnlyForDeploymentPostprocessing = 0;
			shellPath = /bin/sh;
			shellScript = "diff \"${PODS_PODFILE_DIR_PATH}/Podfile.lock\" \"${PODS_ROOT}/Manifest.lock\" > /dev/null\nif [ $? != 0 ] ; then\n    # print error to STDERR\n    echo \"error: The sandbox is not in sync with the Podfile.lock. Run 'pod install' or update your CocoaPods installation.\" >&2\n    exit 1\nfi\n# This output is used by Xcode 'outputs' to avoid re-running this script phase.\necho \"SUCCESS\" > \"${SCRIPT_OUTPUT_FILE_0}\"\n";
			showEnvVarsInLog = 0;
		};
		D22FBC5E95A8780319709DB9 /* [CP] Copy Pods Resources */ = {
			isa = PBXShellScriptBuildPhase;
			buildActionMask = 2147483647;
			files = (
			);
			inputFileListPaths = (
			);
			inputPaths = (
				"${SRCROOT}/Pods/Target Support Files/Pods-Dek2Pasaa/Pods-Dek2Pasaa-resources.sh",
				"${PODS_ROOT}/GoogleSignIn/Resources/GoogleSignIn.bundle",
			);
			name = "[CP] Copy Pods Resources";
			outputFileListPaths = (
			);
			outputPaths = (
				"${TARGET_BUILD_DIR}/${UNLOCALIZED_RESOURCES_FOLDER_PATH}/GoogleSignIn.bundle",
			);
			runOnlyForDeploymentPostprocessing = 0;
			shellPath = /bin/sh;
			shellScript = "\"${SRCROOT}/Pods/Target Support Files/Pods-Dek2Pasaa/Pods-Dek2Pasaa-resources.sh\"\n";
			showEnvVarsInLog = 0;
		};
/* End PBXShellScriptBuildPhase section */

/* Begin PBXSourcesBuildPhase section */
		15BB7F9D2247F84000221775 /* Sources */ = {
			isa = PBXSourcesBuildPhase;
			buildActionMask = 2147483647;
			files = (
				1508FD332263EE4000043D45 /* PeopleInfo.swift in Sources */,
				1593A3E4225CF43E0023CD6D /* History.swift in Sources */,
				159B762B225A7C0700A88872 /* LoginViewController.swift in Sources */,
				15934D9622482A0600377349 /* UILabel.swift in Sources */,
				1593A3E6225D137B0023CD6D /* WordInfo.swift in Sources */,
				15D9C0062266513D00812724 /* SettingViewController.swift in Sources */,
				15BB7FE7224801BC00221775 /* PrimaryColor.swift in Sources */,
				15BB7FEC2248058700221775 /* UIColor.swift in Sources */,
				15BB7FAD2247F84000221775 /* Dek2Pasaa.xcdatamodeld in Sources */,
				151D6992224FCA4E0087D26E /* GameViewController.swift in Sources */,
				153D7C302260DFB700DC6AFD /* LessonViewController.swift in Sources */,
				15BB7FFA22480AF500221775 /* UIImageView.swift in Sources */,
				15BB7FEE22480A1C00221775 /* UIView.swift in Sources */,
				15BB7FA52247F84000221775 /* AppDelegate.swift in Sources */,
				154CDE982253743C001DB159 /* NewMainViewController.swift in Sources */,
				151D6990224FC9A80087D26E /* ViewController.swift in Sources */,
				1593A3DD225BEDD70023CD6D /* LessonInfo.swift in Sources */,
				1593A3EE225D3AEB0023CD6D /* TestCheck.swift in Sources */,
				153D7C2D225DFD6600DC6AFD /* TestStarCVCell.swift in Sources */,
				15FFD7B12248B40800DCCB30 /* MenuString.swift in Sources */,
				153D7C32226165FD00DC6AFD /* LessonTableViewCell.swift in Sources */,
				15504AB8224D00AB000BD2DC /* MenuCollectionViewCell.swift in Sources */,
				159B7628225A3ADB00A88872 /* LangCoreData.swift in Sources */,
				15BB7FE92248048100221775 /* Color.swift in Sources */,
				15BB7FE22247FE7800221775 /* MainViewController.swift in Sources */,
				15C0742C2266901B00AFC1D1 /* AboutViewController.swift in Sources */,
				15BB7FFE22480B3D00221775 /* StringProtocol.swift in Sources */,
				15BB7FFC22480B1B00221775 /* UINavigationController.swift in Sources */,
				15BB800022480BC500221775 /* AppConfig.swift in Sources */,
				15DFC19222AE10DE00D41D8A /* VideoTableViewCell.swift in Sources */,
				15D9C00822665E6400812724 /* SettingTableViewCell.swift in Sources */,
				15BB800222480C5C00221775 /* UIButton.swift in Sources */,
				15BB7FF822480AE200221775 /* UIScrollView.swift in Sources */,
				15BB7FF022480A4800221775 /* UIDevice.swift in Sources */,
				15934D942248256600377349 /* UPCarouselFlowLayout.swift in Sources */,
				1593A3EC225D1E6C0023CD6D /* TestInfo.swift in Sources */,
				15504ABB224D4D87000BD2DC /* Constraint.swift in Sources */,
				1593A3DF225C12310023CD6D /* Colors.swift in Sources */,
				15E63AD0225BA63000B6AF33 /* GameCVCell.swift in Sources */,
				15E63AD4225BA64E00B6AF33 /* ChoiceCVCell.swift in Sources */,
				15FFD7B62248B4C500DCCB30 /* MenuCVCell.swift in Sources */,
				15BB800422480E3F00221775 /* UIViewController.swift in Sources */,
				1593A3E9225D1CD20023CD6D /* TestCVCell.swift in Sources */,
				1508FD302263E53D00043D45 /* PeopleCVCell.swift in Sources */,
				151D6994224FCCD10087D26E /* CallCenter.swift in Sources */,
				1593A3E2225CF0810023CD6D /* Score.swift in Sources */,
				15FFD7AE2248B29C00DCCB30 /* MenuStruct.swift in Sources */,
				156AB9B022628010000D16BC /* AudioPlayer.swift in Sources */,
			);
			runOnlyForDeploymentPostprocessing = 0;
		};
		15BB7FB42247F84100221775 /* Sources */ = {
			isa = PBXSourcesBuildPhase;
			buildActionMask = 2147483647;
			files = (
				15BB7FBD2247F84100221775 /* Dek2PasaaTests.swift in Sources */,
			);
			runOnlyForDeploymentPostprocessing = 0;
		};
		15BB7FBF2247F84100221775 /* Sources */ = {
			isa = PBXSourcesBuildPhase;
			buildActionMask = 2147483647;
			files = (
				15BB7FC82247F84100221775 /* Dek2PasaaUITests.swift in Sources */,
			);
			runOnlyForDeploymentPostprocessing = 0;
		};
/* End PBXSourcesBuildPhase section */

/* Begin PBXTargetDependency section */
		15BB7FBA2247F84100221775 /* PBXTargetDependency */ = {
			isa = PBXTargetDependency;
			target = 15BB7FA02247F84000221775 /* Dek2Pasaa */;
			targetProxy = 15BB7FB92247F84100221775 /* PBXContainerItemProxy */;
		};
		15BB7FC52247F84100221775 /* PBXTargetDependency */ = {
			isa = PBXTargetDependency;
			target = 15BB7FA02247F84000221775 /* Dek2Pasaa */;
			targetProxy = 15BB7FC42247F84100221775 /* PBXContainerItemProxy */;
		};
/* End PBXTargetDependency section */

/* Begin PBXVariantGroup section */
		15BB7FA82247F84000221775 /* Main.storyboard */ = {
			isa = PBXVariantGroup;
			children = (
				15BB7FA92247F84000221775 /* Base */,
			);
			name = Main.storyboard;
			sourceTree = "<group>";
		};
		15BB7FB02247F84100221775 /* LaunchScreen.storyboard */ = {
			isa = PBXVariantGroup;
			children = (
				15BB7FB12247F84100221775 /* Base */,
			);
			name = LaunchScreen.storyboard;
			sourceTree = "<group>";
		};
/* End PBXVariantGroup section */

/* Begin XCBuildConfiguration section */
		15BB7FCA2247F84100221775 /* Debug */ = {
			isa = XCBuildConfiguration;
			buildSettings = {
				ALWAYS_SEARCH_USER_PATHS = NO;
				CLANG_ANALYZER_NONNULL = YES;
				CLANG_ANALYZER_NUMBER_OBJECT_CONVERSION = YES_AGGRESSIVE;
				CLANG_CXX_LANGUAGE_STANDARD = "gnu++14";
				CLANG_CXX_LIBRARY = "libc++";
				CLANG_ENABLE_MODULES = YES;
				CLANG_ENABLE_OBJC_ARC = YES;
				CLANG_ENABLE_OBJC_WEAK = YES;
				CLANG_WARN_BLOCK_CAPTURE_AUTORELEASING = YES;
				CLANG_WARN_BOOL_CONVERSION = YES;
				CLANG_WARN_COMMA = YES;
				CLANG_WARN_CONSTANT_CONVERSION = YES;
				CLANG_WARN_DEPRECATED_OBJC_IMPLEMENTATIONS = YES;
				CLANG_WARN_DIRECT_OBJC_ISA_USAGE = YES_ERROR;
				CLANG_WARN_DOCUMENTATION_COMMENTS = YES;
				CLANG_WARN_EMPTY_BODY = YES;
				CLANG_WARN_ENUM_CONVERSION = YES;
				CLANG_WARN_INFINITE_RECURSION = YES;
				CLANG_WARN_INT_CONVERSION = YES;
				CLANG_WARN_NON_LITERAL_NULL_CONVERSION = YES;
				CLANG_WARN_OBJC_IMPLICIT_RETAIN_SELF = YES;
				CLANG_WARN_OBJC_LITERAL_CONVERSION = YES;
				CLANG_WARN_OBJC_ROOT_CLASS = YES_ERROR;
				CLANG_WARN_RANGE_LOOP_ANALYSIS = YES;
				CLANG_WARN_STRICT_PROTOTYPES = YES;
				CLANG_WARN_SUSPICIOUS_MOVE = YES;
				CLANG_WARN_UNGUARDED_AVAILABILITY = YES_AGGRESSIVE;
				CLANG_WARN_UNREACHABLE_CODE = YES;
				CLANG_WARN__DUPLICATE_METHOD_MATCH = YES;
				CODE_SIGN_IDENTITY = "iPhone Developer";
				COPY_PHASE_STRIP = NO;
				DEBUG_INFORMATION_FORMAT = dwarf;
				ENABLE_STRICT_OBJC_MSGSEND = YES;
				ENABLE_TESTABILITY = YES;
				GCC_C_LANGUAGE_STANDARD = gnu11;
				GCC_DYNAMIC_NO_PIC = NO;
				GCC_NO_COMMON_BLOCKS = YES;
				GCC_OPTIMIZATION_LEVEL = 0;
				GCC_PREPROCESSOR_DEFINITIONS = (
					"DEBUG=1",
					"$(inherited)",
				);
				GCC_WARN_64_TO_32_BIT_CONVERSION = YES;
				GCC_WARN_ABOUT_RETURN_TYPE = YES_ERROR;
				GCC_WARN_UNDECLARED_SELECTOR = YES;
				GCC_WARN_UNINITIALIZED_AUTOS = YES_AGGRESSIVE;
				GCC_WARN_UNUSED_FUNCTION = YES;
				GCC_WARN_UNUSED_VARIABLE = YES;
				IPHONEOS_DEPLOYMENT_TARGET = 12.1;
				MTL_ENABLE_DEBUG_INFO = INCLUDE_SOURCE;
				MTL_FAST_MATH = YES;
				ONLY_ACTIVE_ARCH = YES;
				SDKROOT = iphoneos;
				SWIFT_ACTIVE_COMPILATION_CONDITIONS = DEBUG;
				SWIFT_OPTIMIZATION_LEVEL = "-Onone";
			};
			name = Debug;
		};
		15BB7FCB2247F84100221775 /* Release */ = {
			isa = XCBuildConfiguration;
			buildSettings = {
				ALWAYS_SEARCH_USER_PATHS = NO;
				CLANG_ANALYZER_NONNULL = YES;
				CLANG_ANALYZER_NUMBER_OBJECT_CONVERSION = YES_AGGRESSIVE;
				CLANG_CXX_LANGUAGE_STANDARD = "gnu++14";
				CLANG_CXX_LIBRARY = "libc++";
				CLANG_ENABLE_MODULES = YES;
				CLANG_ENABLE_OBJC_ARC = YES;
				CLANG_ENABLE_OBJC_WEAK = YES;
				CLANG_WARN_BLOCK_CAPTURE_AUTORELEASING = YES;
				CLANG_WARN_BOOL_CONVERSION = YES;
				CLANG_WARN_COMMA = YES;
				CLANG_WARN_CONSTANT_CONVERSION = YES;
				CLANG_WARN_DEPRECATED_OBJC_IMPLEMENTATIONS = YES;
				CLANG_WARN_DIRECT_OBJC_ISA_USAGE = YES_ERROR;
				CLANG_WARN_DOCUMENTATION_COMMENTS = YES;
				CLANG_WARN_EMPTY_BODY = YES;
				CLANG_WARN_ENUM_CONVERSION = YES;
				CLANG_WARN_INFINITE_RECURSION = YES;
				CLANG_WARN_INT_CONVERSION = YES;
				CLANG_WARN_NON_LITERAL_NULL_CONVERSION = YES;
				CLANG_WARN_OBJC_IMPLICIT_RETAIN_SELF = YES;
				CLANG_WARN_OBJC_LITERAL_CONVERSION = YES;
				CLANG_WARN_OBJC_ROOT_CLASS = YES_ERROR;
				CLANG_WARN_RANGE_LOOP_ANALYSIS = YES;
				CLANG_WARN_STRICT_PROTOTYPES = YES;
				CLANG_WARN_SUSPICIOUS_MOVE = YES;
				CLANG_WARN_UNGUARDED_AVAILABILITY = YES_AGGRESSIVE;
				CLANG_WARN_UNREACHABLE_CODE = YES;
				CLANG_WARN__DUPLICATE_METHOD_MATCH = YES;
				CODE_SIGN_IDENTITY = "iPhone Developer";
				COPY_PHASE_STRIP = NO;
				DEBUG_INFORMATION_FORMAT = "dwarf-with-dsym";
				ENABLE_NS_ASSERTIONS = NO;
				ENABLE_STRICT_OBJC_MSGSEND = YES;
				GCC_C_LANGUAGE_STANDARD = gnu11;
				GCC_NO_COMMON_BLOCKS = YES;
				GCC_WARN_64_TO_32_BIT_CONVERSION = YES;
				GCC_WARN_ABOUT_RETURN_TYPE = YES_ERROR;
				GCC_WARN_UNDECLARED_SELECTOR = YES;
				GCC_WARN_UNINITIALIZED_AUTOS = YES_AGGRESSIVE;
				GCC_WARN_UNUSED_FUNCTION = YES;
				GCC_WARN_UNUSED_VARIABLE = YES;
				IPHONEOS_DEPLOYMENT_TARGET = 12.1;
				MTL_ENABLE_DEBUG_INFO = NO;
				MTL_FAST_MATH = YES;
				SDKROOT = iphoneos;
				SWIFT_COMPILATION_MODE = wholemodule;
				SWIFT_OPTIMIZATION_LEVEL = "-O";
				VALIDATE_PRODUCT = YES;
			};
			name = Release;
		};
		15BB7FCD2247F84100221775 /* Debug */ = {
			isa = XCBuildConfiguration;
			baseConfigurationReference = 849EB3FE5F686697F6C831C1 /* Pods-Dek2Pasaa.debug.xcconfig */;
			buildSettings = {
				ASSETCATALOG_COMPILER_APPICON_NAME = AppIcon;
				CODE_SIGN_ENTITLEMENTS = Dek2Pasaa/Dek2Pasaa.entitlements;
				CODE_SIGN_STYLE = Automatic;
				DEVELOPMENT_TEAM = V72KR74AXB;
				INFOPLIST_FILE = Dek2Pasaa/Info.plist;
				IPHONEOS_DEPLOYMENT_TARGET = 10.0;
				LD_RUNPATH_SEARCH_PATHS = (
					"$(inherited)",
					"@executable_path/Frameworks",
				);
				PRODUCT_BUNDLE_IDENTIFIER = melondev.Dek2Pasaa;
				PRODUCT_NAME = "$(TARGET_NAME)";
				SWIFT_VERSION = 4.2;
				TARGETED_DEVICE_FAMILY = "1,2";
			};
			name = Debug;
		};
		15BB7FCE2247F84100221775 /* Release */ = {
			isa = XCBuildConfiguration;
			baseConfigurationReference = 809E14274FF59FDDE31C3895 /* Pods-Dek2Pasaa.release.xcconfig */;
			buildSettings = {
				ASSETCATALOG_COMPILER_APPICON_NAME = AppIcon;
				CODE_SIGN_ENTITLEMENTS = Dek2Pasaa/Dek2Pasaa.entitlements;
				CODE_SIGN_STYLE = Automatic;
				DEVELOPMENT_TEAM = V72KR74AXB;
				INFOPLIST_FILE = Dek2Pasaa/Info.plist;
				IPHONEOS_DEPLOYMENT_TARGET = 10.0;
				LD_RUNPATH_SEARCH_PATHS = (
					"$(inherited)",
					"@executable_path/Frameworks",
				);
				PRODUCT_BUNDLE_IDENTIFIER = melondev.Dek2Pasaa;
				PRODUCT_NAME = "$(TARGET_NAME)";
				SWIFT_VERSION = 4.2;
				TARGETED_DEVICE_FAMILY = "1,2";
			};
			name = Release;
		};
		15BB7FD02247F84100221775 /* Debug */ = {
			isa = XCBuildConfiguration;
			baseConfigurationReference = 319B9425B419AACA6B019A19 /* Pods-Dek2PasaaTests.debug.xcconfig */;
			buildSettings = {
				ALWAYS_EMBED_SWIFT_STANDARD_LIBRARIES = YES;
				BUNDLE_LOADER = "$(TEST_HOST)";
				CODE_SIGN_STYLE = Automatic;
				DEVELOPMENT_TEAM = S665H3XLSU;
				INFOPLIST_FILE = Dek2PasaaTests/Info.plist;
				LD_RUNPATH_SEARCH_PATHS = (
					"$(inherited)",
					"@executable_path/Frameworks",
					"@loader_path/Frameworks",
				);
				PRODUCT_BUNDLE_IDENTIFIER = melondev.Dek2PasaaTests;
				PRODUCT_NAME = "$(TARGET_NAME)";
				SWIFT_VERSION = 4.2;
				TARGETED_DEVICE_FAMILY = "1,2";
				TEST_HOST = "$(BUILT_PRODUCTS_DIR)/Dek2Pasaa.app/Dek2Pasaa";
			};
			name = Debug;
		};
		15BB7FD12247F84100221775 /* Release */ = {
			isa = XCBuildConfiguration;
			baseConfigurationReference = 71065140E612314E52B360D4 /* Pods-Dek2PasaaTests.release.xcconfig */;
			buildSettings = {
				ALWAYS_EMBED_SWIFT_STANDARD_LIBRARIES = YES;
				BUNDLE_LOADER = "$(TEST_HOST)";
				CODE_SIGN_STYLE = Automatic;
				DEVELOPMENT_TEAM = S665H3XLSU;
				INFOPLIST_FILE = Dek2PasaaTests/Info.plist;
				LD_RUNPATH_SEARCH_PATHS = (
					"$(inherited)",
					"@executable_path/Frameworks",
					"@loader_path/Frameworks",
				);
				PRODUCT_BUNDLE_IDENTIFIER = melondev.Dek2PasaaTests;
				PRODUCT_NAME = "$(TARGET_NAME)";
				SWIFT_VERSION = 4.2;
				TARGETED_DEVICE_FAMILY = "1,2";
				TEST_HOST = "$(BUILT_PRODUCTS_DIR)/Dek2Pasaa.app/Dek2Pasaa";
			};
			name = Release;
		};
		15BB7FD32247F84100221775 /* Debug */ = {
			isa = XCBuildConfiguration;
			baseConfigurationReference = FF5FF446DC4D96BE420DC6EC /* Pods-Dek2PasaaUITests.debug.xcconfig */;
			buildSettings = {
				ALWAYS_EMBED_SWIFT_STANDARD_LIBRARIES = YES;
				CODE_SIGN_STYLE = Automatic;
				DEVELOPMENT_TEAM = S665H3XLSU;
				INFOPLIST_FILE = Dek2PasaaUITests/Info.plist;
				LD_RUNPATH_SEARCH_PATHS = (
					"$(inherited)",
					"@executable_path/Frameworks",
					"@loader_path/Frameworks",
				);
				PRODUCT_BUNDLE_IDENTIFIER = melondev.Dek2PasaaUITests;
				PRODUCT_NAME = "$(TARGET_NAME)";
				SWIFT_VERSION = 4.2;
				TARGETED_DEVICE_FAMILY = "1,2";
				TEST_TARGET_NAME = Dek2Pasaa;
			};
			name = Debug;
		};
		15BB7FD42247F84100221775 /* Release */ = {
			isa = XCBuildConfiguration;
			baseConfigurationReference = EC29388F85B635312E7FE559 /* Pods-Dek2PasaaUITests.release.xcconfig */;
			buildSettings = {
				ALWAYS_EMBED_SWIFT_STANDARD_LIBRARIES = YES;
				CODE_SIGN_STYLE = Automatic;
				DEVELOPMENT_TEAM = S665H3XLSU;
				INFOPLIST_FILE = Dek2PasaaUITests/Info.plist;
				LD_RUNPATH_SEARCH_PATHS = (
					"$(inherited)",
					"@executable_path/Frameworks",
					"@loader_path/Frameworks",
				);
				PRODUCT_BUNDLE_IDENTIFIER = melondev.Dek2PasaaUITests;
				PRODUCT_NAME = "$(TARGET_NAME)";
				SWIFT_VERSION = 4.2;
				TARGETED_DEVICE_FAMILY = "1,2";
				TEST_TARGET_NAME = Dek2Pasaa;
			};
			name = Release;
		};
/* End XCBuildConfiguration section */

/* Begin XCConfigurationList section */
		15BB7F9C2247F84000221775 /* Build configuration list for PBXProject "Dek2Pasaa" */ = {
			isa = XCConfigurationList;
			buildConfigurations = (
				15BB7FCA2247F84100221775 /* Debug */,
				15BB7FCB2247F84100221775 /* Release */,
			);
			defaultConfigurationIsVisible = 0;
			defaultConfigurationName = Release;
		};
		15BB7FCC2247F84100221775 /* Build configuration list for PBXNativeTarget "Dek2Pasaa" */ = {
			isa = XCConfigurationList;
			buildConfigurations = (
				15BB7FCD2247F84100221775 /* Debug */,
				15BB7FCE2247F84100221775 /* Release */,
			);
			defaultConfigurationIsVisible = 0;
			defaultConfigurationName = Release;
		};
		15BB7FCF2247F84100221775 /* Build configuration list for PBXNativeTarget "Dek2PasaaTests" */ = {
			isa = XCConfigurationList;
			buildConfigurations = (
				15BB7FD02247F84100221775 /* Debug */,
				15BB7FD12247F84100221775 /* Release */,
			);
			defaultConfigurationIsVisible = 0;
			defaultConfigurationName = Release;
		};
		15BB7FD22247F84100221775 /* Build configuration list for PBXNativeTarget "Dek2PasaaUITests" */ = {
			isa = XCConfigurationList;
			buildConfigurations = (
				15BB7FD32247F84100221775 /* Debug */,
				15BB7FD42247F84100221775 /* Release */,
			);
			defaultConfigurationIsVisible = 0;
			defaultConfigurationName = Release;
		};
/* End XCConfigurationList section */

/* Begin XCVersionGroup section */
		15BB7FAB2247F84000221775 /* Dek2Pasaa.xcdatamodeld */ = {
			isa = XCVersionGroup;
			children = (
				15BB7FAC2247F84000221775 /* Dek2Pasaa.xcdatamodel */,
			);
			currentVersion = 15BB7FAC2247F84000221775 /* Dek2Pasaa.xcdatamodel */;
			path = Dek2Pasaa.xcdatamodeld;
			sourceTree = "<group>";
			versionGroupType = wrapper.xcdatamodel;
		};
/* End XCVersionGroup section */
	};
	rootObject = 15BB7F992247F84000221775 /* Project object */;
}
